<?xml version="1.0" encoding="utf-8"?>
<Project ToolsVersion="4.0" xmlns="http://schemas.microsoft.com/developer/msbuild/2003">
  <ItemGroup>
    <Filter Include="Archivos de código fuente">
      <UniqueIdentifier>{4FC737F1-C7A5-4376-A066-2A32D752A2FF}</UniqueIdentifier>
      <Extensions>cpp;c;cc;cxx;def;odl;idl;hpj;bat;asm;asmx</Extensions>
    </Filter>
    <Filter Include="Archivos de encabezado">
      <UniqueIdentifier>{93995380-89BD-4b04-88EB-625FBE52EBFB}</UniqueIdentifier>
      <Extensions>h;hh;hpp;hxx;hm;inl;inc;xsd</Extensions>
    </Filter>
    <Filter Include="Archivos de recursos">
      <UniqueIdentifier>{67DA6AB6-F800-4c08-8B7A-83BB121AAD01}</UniqueIdentifier>
      <Extensions>rc;ico;cur;bmp;dlg;rc2;rct;bin;rgs;gif;jpg;jpeg;jpe;resx;tiff;tif;png;wav;mfcribbon-ms</Extensions>
    </Filter>
  </ItemGroup>
  <ItemGroup>
    <ClInclude Include="PAGAbstractLight.h">
      <Filter>Archivos de encabezado</Filter>
    </ClInclude>
    <ClInclude Include="PAGCamera.h">
      <Filter>Archivos de encabezado</Filter>
    </ClInclude>
    <ClInclude Include="PAGDirectionalLight.h">
      <Filter>Archivos de encabezado</Filter>
    </ClInclude>
    <ClInclude Include="PAGElement3D.h">
      <Filter>Archivos de encabezado</Filter>
    </ClInclude>
    <ClInclude Include="PAGFileManager.h">
      <Filter>Archivos de encabezado</Filter>
    </ClInclude>
    <ClInclude Include="PAGGroup3D.h">
      <Filter>Archivos de encabezado</Filter>
    </ClInclude>
    <ClInclude Include="PAGLight.h">
      <Filter>Archivos de encabezado</Filter>
    </ClInclude>
    <ClInclude Include="PAGMain.h">
      <Filter>Archivos de encabezado</Filter>
    </ClInclude>
    <ClInclude Include="PAGObject3D.h">
      <Filter>Archivos de encabezado</Filter>
    </ClInclude>
    <ClInclude Include="PAGPointLight.h">
      <Filter>Archivos de encabezado</Filter>
    </ClInclude>
    <ClInclude Include="PAGRender.h">
      <Filter>Archivos de encabezado</Filter>
    </ClInclude>
    <ClInclude Include="PAGRevolutionObject.h">
      <Filter>Archivos de encabezado</Filter>
    </ClInclude>
    <ClInclude Include="PagShaderProgram.h">
      <Filter>Archivos de encabezado</Filter>
    </ClInclude>
    <ClInclude Include="PAGSpotLight.h">
      <Filter>Archivos de encabezado</Filter>
    </ClInclude>
    <ClInclude Include="PAGSubdivisionProfile.h">
      <Filter>Archivos de encabezado</Filter>
    </ClInclude>
    <ClInclude Include="PAGTexture.h">
      <Filter>Archivos de encabezado</Filter>
    </ClInclude>
  </ItemGroup>
  <ItemGroup>
    <ClCompile Include="PAGCamera.cpp">
      <Filter>Archivos de código fuente</Filter>
    </ClCompile>
    <ClCompile Include="PAGDirectionalLight.cpp">
      <Filter>Archivos de código fuente</Filter>
    </ClCompile>
    <ClCompile Include="PAGFileManager.cpp">
      <Filter>Archivos de código fuente</Filter>
    </ClCompile>
    <ClCompile Include="PAGGroup3D.cpp">
      <Filter>Archivos de código fuente</Filter>
    </ClCompile>
    <ClCompile Include="PAGLight.cpp">
      <Filter>Archivos de código fuente</Filter>
    </ClCompile>
    <ClCompile Include="PAGMain.cpp">
      <Filter>Archivos de código fuente</Filter>
    </ClCompile>
    <ClCompile Include="PAGObject3D.cpp">
      <Filter>Archivos de código fuente</Filter>
    </ClCompile>
    <ClCompile Include="PAGPointLight.cpp">
      <Filter>Archivos de código fuente</Filter>
    </ClCompile>
    <ClCompile Include="PAGRender.cpp">
      <Filter>Archivos de código fuente</Filter>
    </ClCompile>
    <ClCompile Include="PAGRevolutionObject.cpp">
      <Filter>Archivos de código fuente</Filter>
    </ClCompile>
    <ClCompile Include="PagShaderProgram.cpp">
      <Filter>Archivos de código fuente</Filter>
    </ClCompile>
    <ClCompile Include="PAGSpotLight.cpp">
      <Filter>Archivos de código fuente</Filter>
    </ClCompile>
    <ClCompile Include="PAGSubdivisionProfile.cpp">
      <Filter>Archivos de código fuente</Filter>
    </ClCompile>
    <ClCompile Include="PAGTexture.cpp">
      <Filter>Archivos de código fuente</Filter>
    </ClCompile>
  </ItemGroup>
  <ItemGroup>
    <None Include="adsDirLight.frag">
      <Filter>Archivos de recursos</Filter>
    </None>
    <None Include="adsDirLight.vert">
      <Filter>Archivos de recursos</Filter>
    </None>
    <None Include="adsPointLight.frag">
      <Filter>Archivos de recursos</Filter>
    </None>
    <None Include="adsPointLight.vert">
      <Filter>Archivos de recursos</Filter>
    </None>
    <None Include="adsSpotLight.frag">
      <Filter>Archivos de recursos</Filter>
    </None>
    <None Include="adsSpotLight.vert">
      <Filter>Archivos de recursos</Filter>
    </None>
    <None Include="adsTextureDirLight.frag">
      <Filter>Archivos de recursos</Filter>
    </None>
    <None Include="adsTextureDirLight.vert">
      <Filter>Archivos de recursos</Filter>
    </None>
    <None Include="adsTexturePointLight.frag">
      <Filter>Archivos de recursos</Filter>
    </None>
    <None Include="adsTexturePointLight.vert">
      <Filter>Archivos de recursos</Filter>
    </None>
    <None Include="adsTextureSpotLight.frag">
      <Filter>Archivos de recursos</Filter>
    </None>
    <None Include="adsTextureSpotLight.vert">
      <Filter>Archivos de recursos</Filter>
    </None>
    <None Include="pointsMulticolors.frag">
      <Filter>Archivos de recursos</Filter>
    </None>
    <None Include="pointsMulticolors.vert">
      <Filter>Archivos de recursos</Filter>
    </None>
    <None Include="test.frag">
      <Filter>Archivos de recursos</Filter>
    </None>
    <None Include="test.vert">
      <Filter>Archivos de recursos</Filter>
    </None>
  </ItemGroup>
</Project>